
Microsoft Visual Studio Solution File, Format Version 12.00
# Visual Studio Version 16
VisualStudioVersion = 16.0.30011.22
MinimumVisualStudioVersion = 10.0.40219.1
Project("{FAE04EC0-301F-11D3-BF4B-00C04F79EFBC}") = "DLuOvBamG.Android", "DLuOvBamG.Android\DLuOvBamG.Android.csproj", "{07D774B6-6CE8-4FA8-9D6F-59061E8A144D}"
EndProject
Project("{FAE04EC0-301F-11D3-BF4B-00C04F79EFBC}") = "DLuOvBamG.iOS", "DLuOvBamG.iOS\DLuOvBamG.iOS.csproj", "{62B80D8E-1947-4FED-A39C-7C596A0EDB33}"
EndProject
Project("{FAE04EC0-301F-11D3-BF4B-00C04F79EFBC}") = "DLuOvBamG", "DLuOvBamG\DLuOvBamG.csproj", "{A3788DAB-3090-4CAC-9349-E87969ECE5F4}"
EndProject
Global
	GlobalSection(SolutionConfigurationPlatforms) = preSolution
		Debug|Any CPU = Debug|Any CPU
		Debug|iPhone = Debug|iPhone
		Debug|iPhoneSimulator = Debug|iPhoneSimulator
		Release|Any CPU = Release|Any CPU
		Release|iPhone = Release|iPhone
		Release|iPhoneSimulator = Release|iPhoneSimulator
	EndGlobalSection
	GlobalSection(ProjectConfigurationPlatforms) = postSolution
		{07D774B6-6CE8-4FA8-9D6F-59061E8A144D}.Debug|Any CPU.ActiveCfg = Debug|Any CPU
		{07D774B6-6CE8-4FA8-9D6F-59061E8A144D}.Debug|Any CPU.Build.0 = Debug|Any CPU
		{07D774B6-6CE8-4FA8-9D6F-59061E8A144D}.Debug|Any CPU.Deploy.0 = Debug|Any CPU
		{07D774B6-6CE8-4FA8-9D6F-59061E8A144D}.Debug|iPhone.ActiveCfg = Debug|Any CPU
		{07D774B6-6CE8-4FA8-9D6F-59061E8A144D}.Debug|iPhone.Build.0 = Debug|Any CPU
		{07D774B6-6CE8-4FA8-9D6F-59061E8A144D}.Debug|iPhone.Deploy.0 = Debug|Any CPU
		{07D774B6-6CE8-4FA8-9D6F-59061E8A144D}.Debug|iPhoneSimulator.ActiveCfg = Debug|Any CPU
		{07D774B6-6CE8-4FA8-9D6F-59061E8A144D}.Debug|iPhoneSimulator.Build.0 = Debug|Any CPU
		{07D774B6-6CE8-4FA8-9D6F-59061E8A144D}.Debug|iPhoneSimulator.Deploy.0 = Debug|Any CPU
		{07D774B6-6CE8-4FA8-9D6F-59061E8A144D}.Release|Any CPU.ActiveCfg = Release|Any CPU
		{07D774B6-6CE8-4FA8-9D6F-59061E8A144D}.Release|Any CPU.Build.0 = Release|Any CPU
		{07D774B6-6CE8-4FA8-9D6F-59061E8A144D}.Release|Any CPU.Deploy.0 = Release|Any CPU
		{07D774B6-6CE8-4FA8-9D6F-59061E8A144D}.Release|iPhone.ActiveCfg = Release|Any CPU
		{07D774B6-6CE8-4FA8-9D6F-59061E8A144D}.Release|iPhone.Build.0 = Release|Any CPU
		{07D774B6-6CE8-4FA8-9D6F-59061E8A144D}.Release|iPhone.Deploy.0 = Release|Any CPU
		{07D774B6-6CE8-4FA8-9D6F-59061E8A144D}.Release|iPhoneSimulator.ActiveCfg = Release|Any CPU
		{07D774B6-6CE8-4FA8-9D6F-59061E8A144D}.Release|iPhoneSimulator.Build.0 = Release|Any CPU
		{07D774B6-6CE8-4FA8-9D6F-59061E8A144D}.Release|iPhoneSimulator.Deploy.0 = Release|Any CPU
		{62B80D8E-1947-4FED-A39C-7C596A0EDB33}.Debug|Any CPU.ActiveCfg = Debug|iPhone
		{62B80D8E-1947-4FED-A39C-7C596A0EDB33}.Debug|Any CPU.Build.0 = Debug|iPhone
		{62B80D8E-1947-4FED-A39C-7C596A0EDB33}.Debug|Any CPU.Deploy.0 = Debug|iPhone
		{62B80D8E-1947-4FED-A39C-7C596A0EDB33}.Debug|iPhone.ActiveCfg = Debug|iPhone
		{62B80D8E-1947-4FED-A39C-7C596A0EDB33}.Debug|iPhone.Build.0 = Debug|iPhone
		{62B80D8E-1947-4FED-A39C-7C596A0EDB33}.Debug|iPhone.Deploy.0 = Debug|iPhone
		{62B80D8E-1947-4FED-A39C-7C596A0EDB33}.Debug|iPhoneSimulator.ActiveCfg = Debug|iPhoneSimulator
		{62B80D8E-1947-4FED-A39C-7C596A0EDB33}.Debug|iPhoneSimulator.Build.0 = Debug|iPhoneSimulator
		{62B80D8E-1947-4FED-A39C-7C596A0EDB33}.Debug|iPhoneSimulator.Deploy.0 = Debug|iPhoneSimulator
		{62B80D8E-1947-4FED-A39C-7C596A0EDB33}.Release|Any CPU.ActiveCfg = Release|iPhone
		{62B80D8E-1947-4FED-A39C-7C596A0EDB33}.Release|Any CPU.Build.0 = Release|iPhone
		{62B80D8E-1947-4FED-A39C-7C596A0EDB33}.Release|Any CPU.Deploy.0 = Release|iPhone
		{62B80D8E-1947-4FED-A39C-7C596A0EDB33}.Release|iPhone.ActiveCfg = Release|iPhone
		{62B80D8E-1947-4FED-A39C-7C596A0EDB33}.Release|iPhone.Build.0 = Release|iPhone
		{62B80D8E-1947-4FED-A39C-7C596A0EDB33}.Release|iPhone.Deploy.0 = Release|iPhone
		{62B80D8E-1947-4FED-A39C-7C596A0EDB33}.Release|iPhoneSimulator.ActiveCfg = Release|iPhoneSimulator
		{62B80D8E-1947-4FED-A39C-7C596A0EDB33}.Release|iPhoneSimulator.Build.0 = Release|iPhoneSimulator
		{62B80D8E-1947-4FED-A39C-7C596A0EDB33}.Release|iPhoneSimulator.Deploy.0 = Release|iPhoneSimulator
		{A3788DAB-3090-4CAC-9349-E87969ECE5F4}.Debug|Any CPU.ActiveCfg = Debug|Any CPU
		{A3788DAB-3090-4CAC-9349-E87969ECE5F4}.Debug|Any CPU.Build.0 = Debug|Any CPU
		{A3788DAB-3090-4CAC-9349-E87969ECE5F4}.Debug|Any CPU.Deploy.0 = Debug|Any CPU
		{A3788DAB-3090-4CAC-9349-E87969ECE5F4}.Debug|iPhone.ActiveCfg = Debug|Any CPU
		{A3788DAB-3090-4CAC-9349-E87969ECE5F4}.Debug|iPhone.Build.0 = Debug|Any CPU
		{A3788DAB-3090-4CAC-9349-E87969ECE5F4}.Debug|iPhone.Deploy.0 = Debug|Any CPU
		{A3788DAB-3090-4CAC-9349-E87969ECE5F4}.Debug|iPhoneSimulator.ActiveCfg = Debug|Any CPU
		{A3788DAB-3090-4CAC-9349-E87969ECE5F4}.Debug|iPhoneSimulator.Build.0 = Debug|Any CPU
		{A3788DAB-3090-4CAC-9349-E87969ECE5F4}.Debug|iPhoneSimulator.Deploy.0 = Debug|Any CPU
		{A3788DAB-3090-4CAC-9349-E87969ECE5F4}.Release|Any CPU.ActiveCfg = Release|Any CPU
		{A3788DAB-3090-4CAC-9349-E87969ECE5F4}.Release|Any CPU.Build.0 = Release|Any CPU
		{A3788DAB-3090-4CAC-9349-E87969ECE5F4}.Release|Any CPU.Deploy.0 = Release|Any CPU
		{A3788DAB-3090-4CAC-9349-E87969ECE5F4}.Release|iPhone.ActiveCfg = Release|Any CPU
		{A3788DAB-3090-4CAC-9349-E87969ECE5F4}.Release|iPhone.Build.0 = Release|Any CPU
		{A3788DAB-3090-4CAC-9349-E87969ECE5F4}.Release|iPhone.Deploy.0 = Release|Any CPU
		{A3788DAB-3090-4CAC-9349-E87969ECE5F4}.Release|iPhoneSimulator.ActiveCfg = Release|Any CPU
		{A3788DAB-3090-4CAC-9349-E87969ECE5F4}.Release|iPhoneSimulator.Build.0 = Release|Any CPU
		{A3788DAB-3090-4CAC-9349-E87969ECE5F4}.Release|iPhoneSimulator.Deploy.0 = Release|Any CPU
	EndGlobalSection
	GlobalSection(SolutionProperties) = preSolution
		HideSolutionNode = FALSE
	EndGlobalSection
	GlobalSection(ExtensibilityGlobals) = postSolution
		SolutionGuid = {6E70954E-DBAF-4027-8DBD-6B3136DE6234}
	EndGlobalSection
EndGlobal
